
Microsoft Visual Studio Solution File, Format Version 12.00
# Visual Studio Version 17
VisualStudioVersion = 17.8.34330.188
MinimumVisualStudioVersion = 10.0.40219.1
Project("{9A19103F-16F7-4668-BE54-9A1E7A4F7556}") = "TaskSharedWpf", "TaskSharedWpf\TaskSharedWpf.csproj", "{35D78684-0F3B-4F4B-8DAD-0334E2AD26AE}"
EndProject
Project("{9A19103F-16F7-4668-BE54-9A1E7A4F7556}") = "WpfAppTask", "WpfAppTask\WpfAppTask.csproj", "{A3AEB9E4-8B69-4CA9-8431-35709C1E66B7}"
EndProject
Project("{FAE04EC0-301F-11D3-BF4B-00C04F79EFBC}") = "TestProjectTaskSharedWpf", "TestProjectTaskSharedWpf\TestProjectTaskSharedWpf.csproj", "{10404BDD-A708-4E3A-A512-1142D3DC9EE5}"
EndProject
Global
	GlobalSection(SolutionConfigurationPlatforms) = preSolution
		Debug|Any CPU = Debug|Any CPU
		Release|Any CPU = Release|Any CPU
	EndGlobalSection
	GlobalSection(ProjectConfigurationPlatforms) = postSolution
		{35D78684-0F3B-4F4B-8DAD-0334E2AD26AE}.Debug|Any CPU.ActiveCfg = Debug|Any CPU
		{35D78684-0F3B-4F4B-8DAD-0334E2AD26AE}.Debug|Any CPU.Build.0 = Debug|Any CPU
		{35D78684-0F3B-4F4B-8DAD-0334E2AD26AE}.Release|Any CPU.ActiveCfg = Release|Any CPU
		{35D78684-0F3B-4F4B-8DAD-0334E2AD26AE}.Release|Any CPU.Build.0 = Release|Any CPU
		{A3AEB9E4-8B69-4CA9-8431-35709C1E66B7}.Debug|Any CPU.ActiveCfg = Debug|Any CPU
		{A3AEB9E4-8B69-4CA9-8431-35709C1E66B7}.Debug|Any CPU.Build.0 = Debug|Any CPU
		{A3AEB9E4-8B69-4CA9-8431-35709C1E66B7}.Release|Any CPU.ActiveCfg = Release|Any CPU
		{A3AEB9E4-8B69-4CA9-8431-35709C1E66B7}.Release|Any CPU.Build.0 = Release|Any CPU
		{10404BDD-A708-4E3A-A512-1142D3DC9EE5}.Debug|Any CPU.ActiveCfg = Debug|Any CPU
		{10404BDD-A708-4E3A-A512-1142D3DC9EE5}.Debug|Any CPU.Build.0 = Debug|Any CPU
		{10404BDD-A708-4E3A-A512-1142D3DC9EE5}.Release|Any CPU.ActiveCfg = Release|Any CPU
		{10404BDD-A708-4E3A-A512-1142D3DC9EE5}.Release|Any CPU.Build.0 = Release|Any CPU
	EndGlobalSection
	GlobalSection(SolutionProperties) = preSolution
		HideSolutionNode = FALSE
	EndGlobalSection
	GlobalSection(ExtensibilityGlobals) = postSolution
		SolutionGuid = {2DCD1826-5EEC-4D7A-802F-86BA613D8AC7}
	EndGlobalSection
EndGlobal
